<?xml version="1.0" encoding="utf-8"?>
<Project ToolsVersion="4.0" xmlns="http://schemas.microsoft.com/developer/msbuild/2003">
  <ItemGroup>
    <ClCompile Include="loader.cpp" />
  </ItemGroup>
  <ItemGroup>
    <Filter Include="utils">
      <UniqueIdentifier>{d1e6ea48-23ff-4baa-8beb-a6293609d291}</UniqueIdentifier>
    </Filter>
    <Filter Include="NewFilter1">
      <UniqueIdentifier>{5ced8b06-c63b-48e1-98b3-80685c37a8c1}</UniqueIdentifier>
    </Filter>
  </ItemGroup>
  <ItemGroup>
    <ClInclude Include="utils\utils.hpp">
      <Filter>utils</Filter>
    </ClInclude>
    <ClInclude Include="utils\load_bytepatch.hpp" />
    <ClInclude Include="utils\load_windir.hpp" />
    <ClInclude Include="utils\load_0pll.hpp" />
  </ItemGroup>
</Project>